// !$*UTF8*$!
{
	archiveVersion = 1;
	classes = {
	};
	objectVersion = 77;
	objects = {

/* Begin PBXContainerItemProxy section */
		2D307BC22CE4A9B600FDEF97 /* PBXContainerItemProxy */ = {
			isa = PBXContainerItemProxy;
			containerPortal = 2D307BA92CE4A9B400FDEF97 /* Project object */;
			proxyType = 1;
			remoteGlobalIDString = 2D307BB02CE4A9B400FDEF97;
			remoteInfo = "dailyvita-swiftui";
		};
		2D307BCC2CE4A9B600FDEF97 /* PBXContainerItemProxy */ = {
			isa = PBXContainerItemProxy;
			containerPortal = 2D307BA92CE4A9B400FDEF97 /* Project object */;
			proxyType = 1;
			remoteGlobalIDString = 2D307BB02CE4A9B400FDEF97;
			remoteInfo = "dailyvita-swiftui";
		};
/* End PBXContainerItemProxy section */

/* Begin PBXFileReference section */
		2D307BB12CE4A9B400FDEF97 /* dailyvita-swiftui.app */ = {isa = PBXFileReference; explicitFileType = wrapper.application; includeInIndex = 0; path = "dailyvita-swiftui.app"; sourceTree = BUILT_PRODUCTS_DIR; };
		2D307BC12CE4A9B600FDEF97 /* dailyvita-swiftuiTests.xctest */ = {isa = PBXFileReference; explicitFileType = wrapper.cfbundle; includeInIndex = 0; path = "dailyvita-swiftuiTests.xctest"; sourceTree = BUILT_PRODUCTS_DIR; };
		2D307BCB2CE4A9B600FDEF97 /* dailyvita-swiftuiUITests.xctest */ = {isa = PBXFileReference; explicitFileType = wrapper.cfbundle; includeInIndex = 0; path = "dailyvita-swiftuiUITests.xctest"; sourceTree = BUILT_PRODUCTS_DIR; };
/* End PBXFileReference section */

/* Begin PBXFileSystemSynchronizedBuildFileExceptionSet section */
		2D307C0F2CE4AE6100FDEF97 /* Exceptions for "dailyvita-swiftui" folder in "dailyvita-swiftuiTests" target */ = {
			isa = PBXFileSystemSynchronizedBuildFileExceptionSet;
			membershipExceptions = (
				Data/Jsons/allergies.json,
				Data/Jsons/Diets.json,
				Data/Jsons/Healthconcern.json,
			);
			target = 2D307BC02CE4A9B600FDEF97 /* dailyvita-swiftuiTests */;
		};
		2D307C102CE4AE6100FDEF97 /* Exceptions for "dailyvita-swiftui" folder in "dailyvita-swiftuiUITests" target */ = {
			isa = PBXFileSystemSynchronizedBuildFileExceptionSet;
			membershipExceptions = (
				Data/Jsons/allergies.json,
				Data/Jsons/Diets.json,
				Data/Jsons/Healthconcern.json,
			);
			target = 2D307BCA2CE4A9B600FDEF97 /* dailyvita-swiftuiUITests */;
		};
/* End PBXFileSystemSynchronizedBuildFileExceptionSet section */

/* Begin PBXFileSystemSynchronizedRootGroup section */
		2D307BB32CE4A9B400FDEF97 /* dailyvita-swiftui */ = {
			isa = PBXFileSystemSynchronizedRootGroup;
			exceptions = (
				2D307C0F2CE4AE6100FDEF97 /* Exceptions for "dailyvita-swiftui" folder in "dailyvita-swiftuiTests" target */,
				2D307C102CE4AE6100FDEF97 /* Exceptions for "dailyvita-swiftui" folder in "dailyvita-swiftuiUITests" target */,
			);
			path = "dailyvita-swiftui";
			sourceTree = "<group>";
		};
		2D307BC42CE4A9B600FDEF97 /* dailyvita-swiftuiTests */ = {
			isa = PBXFileSystemSynchronizedRootGroup;
			path = "dailyvita-swiftuiTests";
			sourceTree = "<group>";
		};
		2D307BCE2CE4A9B600FDEF97 /* dailyvita-swiftuiUITests */ = {
			isa = PBXFileSystemSynchronizedRootGroup;
			path = "dailyvita-swiftuiUITests";
			sourceTree = "<group>";
		};
/* End PBXFileSystemSynchronizedRootGroup section */

/* Begin PBXFrameworksBuildPhase section */
		2D307BAE2CE4A9B400FDEF97 /* Frameworks */ = {
			isa = PBXFrameworksBuildPhase;
			buildActionMask = 2147483647;
			files = (
			);
			runOnlyForDeploymentPostprocessing = 0;
		};
		2D307BBE2CE4A9B600FDEF97 /* Frameworks */ = {
			isa = PBXFrameworksBuildPhase;
			buildActionMask = 2147483647;
			files = (
			);
			runOnlyForDeploymentPostprocessing = 0;
		};
		2D307BC82CE4A9B600FDEF97 /* Frameworks */ = {
			isa = PBXFrameworksBuildPhase;
			buildActionMask = 2147483647;
			files = (
			);
			runOnlyForDeploymentPostprocessing = 0;
		};
/* End PBXFrameworksBuildPhase section */

/* Begin PBXGroup section */
		2D307BA82CE4A9B400FDEF97 = {
			isa = PBXGroup;
			children = (
				2D307BB32CE4A9B400FDEF97 /* dailyvita-swiftui */,
				2D307BC42CE4A9B600FDEF97 /* dailyvita-swiftuiTests */,
				2D307BCE2CE4A9B600FDEF97 /* dailyvita-swiftuiUITests */,
				2D307BB22CE4A9B400FDEF97 /* Products */,
			);
			sourceTree = "<group>";
		};
		2D307BB22CE4A9B400FDEF97 /* Products */ = {
			isa = PBXGroup;
			children = (
				2D307BB12CE4A9B400FDEF97 /* dailyvita-swiftui.app */,
				2D307BC12CE4A9B600FDEF97 /* dailyvita-swiftuiTests.xctest */,
				2D307BCB2CE4A9B600FDEF97 /* dailyvita-swiftuiUITests.xctest */,
			);
			name = Products;
			sourceTree = "<group>";
		};
/* End PBXGroup section */

/* Begin PBXNativeTarget section */
		2D307BB02CE4A9B400FDEF97 /* dailyvita-swiftui */ = {
			isa = PBXNativeTarget;
			buildConfigurationList = 2D307BD52CE4A9B600FDEF97 /* Build configuration list for PBXNativeTarget "dailyvita-swiftui" */;
			buildPhases = (
				2D307BAD2CE4A9B400FDEF97 /* Sources */,
				2D307BAE2CE4A9B400FDEF97 /* Frameworks */,
				2D307BAF2CE4A9B400FDEF97 /* Resources */,
			);
			buildRules = (
			);
			dependencies = (
			);
			fileSystemSynchronizedGroups = (
				2D307BB32CE4A9B400FDEF97 /* dailyvita-swiftui */,
			);
			name = "dailyvita-swiftui";
			packageProductDependencies = (
			);
			productName = "dailyvita-swiftui";
			productReference = 2D307BB12CE4A9B400FDEF97 /* dailyvita-swiftui.app */;
			productType = "com.apple.product-type.application";
		};
		2D307BC02CE4A9B600FDEF97 /* dailyvita-swiftuiTests */ = {
			isa = PBXNativeTarget;
			buildConfigurationList = 2D307BD82CE4A9B600FDEF97 /* Build configuration list for PBXNativeTarget "dailyvita-swiftuiTests" */;
			buildPhases = (
				2D307BBD2CE4A9B600FDEF97 /* Sources */,
				2D307BBE2CE4A9B600FDEF97 /* Frameworks */,
				2D307BBF2CE4A9B600FDEF97 /* Resources */,
			);
			buildRules = (
			);
			dependencies = (
				2D307BC32CE4A9B600FDEF97 /* PBXTargetDependency */,
			);
			fileSystemSynchronizedGroups = (
				2D307BC42CE4A9B600FDEF97 /* dailyvita-swiftuiTests */,
			);
			name = "dailyvita-swiftuiTests";
			packageProductDependencies = (
			);
			productName = "dailyvita-swiftuiTests";
			productReference = 2D307BC12CE4A9B600FDEF97 /* dailyvita-swiftuiTests.xctest */;
			productType = "com.apple.product-type.bundle.unit-test";
		};
		2D307BCA2CE4A9B600FDEF97 /* dailyvita-swiftuiUITests */ = {
			isa = PBXNativeTarget;
			buildConfigurationList = 2D307BDB2CE4A9B600FDEF97 /* Build configuration list for PBXNativeTarget "dailyvita-swiftuiUITests" */;
			buildPhases = (
				2D307BC72CE4A9B600FDEF97 /* Sources */,
				2D307BC82CE4A9B600FDEF97 /* Frameworks */,
				2D307BC92CE4A9B600FDEF97 /* Resources */,
			);
			buildRules = (
			);
			dependencies = (
				2D307BCD2CE4A9B600FDEF97 /* PBXTargetDependency */,
			);
			fileSystemSynchronizedGroups = (
				2D307BCE2CE4A9B600FDEF97 /* dailyvita-swiftuiUITests */,
			);
			name = "dailyvita-swiftuiUITests";
			packageProductDependencies = (
			);
			productName = "dailyvita-swiftuiUITests";
			productReference = 2D307BCB2CE4A9B600FDEF97 /* dailyvita-swiftuiUITests.xctest */;
			productType = "com.apple.product-type.bundle.ui-testing";
		};
/* End PBXNativeTarget section */

/* Begin PBXProject section */
		2D307BA92CE4A9B400FDEF97 /* Project object */ = {
			isa = PBXProject;
			attributes = {
				BuildIndependentTargetsInParallel = 1;
				LastSwiftUpdateCheck = 1610;
				LastUpgradeCheck = 1610;
				TargetAttributes = {
					2D307BB02CE4A9B400FDEF97 = {
						CreatedOnToolsVersion = 16.1;
					};
					2D307BC02CE4A9B600FDEF97 = {
						CreatedOnToolsVersion = 16.1;
						TestTargetID = 2D307BB02CE4A9B400FDEF97;
					};
					2D307BCA2CE4A9B600FDEF97 = {
						CreatedOnToolsVersion = 16.1;
						TestTargetID = 2D307BB02CE4A9B400FDEF97;
					};
				};
			};
			buildConfigurationList = 2D307BAC2CE4A9B400FDEF97 /* Build configuration list for PBXProject "dailyvita-swiftui" */;
			developmentRegion = en;
			hasScannedForEncodings = 0;
			knownRegions = (
				en,
				Base,
			);
			mainGroup = 2D307BA82CE4A9B400FDEF97;
			minimizedProjectReferenceProxies = 1;
			preferredProjectObjectVersion = 77;
			productRefGroup = 2D307BB22CE4A9B400FDEF97 /* Products */;
			projectDirPath = "";
			projectRoot = "";
			targets = (
				2D307BB02CE4A9B400FDEF97 /* dailyvita-swiftui */,
				2D307BC02CE4A9B600FDEF97 /* dailyvita-swiftuiTests */,
				2D307BCA2CE4A9B600FDEF97 /* dailyvita-swiftuiUITests */,
			);
		};
/* End PBXProject section */

/* Begin PBXResourcesBuildPhase section */
		2D307BAF2CE4A9B400FDEF97 /* Resources */ = {
			isa = PBXResourcesBuildPhase;
			buildActionMask = 2147483647;
			files = (
			);
			runOnlyForDeploymentPostprocessing = 0;
		};
		2D307BBF2CE4A9B600FDEF97 /* Resources */ = {
			isa = PBXResourcesBuildPhase;
			buildActionMask = 2147483647;
			files = (
			);
			runOnlyForDeploymentPostprocessing = 0;
		};
		2D307BC92CE4A9B600FDEF97 /* Resources */ = {
			isa = PBXResourcesBuildPhase;
			buildActionMask = 2147483647;
			files = (
			);
			runOnlyForDeploymentPostprocessing = 0;
		};
/* End PBXResourcesBuildPhase section */

/* Begin PBXSourcesBuildPhase section */
		2D307BAD2CE4A9B400FDEF97 /* Sources */ = {
			isa = PBXSourcesBuildPhase;
			buildActionMask = 2147483647;
			files = (
			);
			runOnlyForDeploymentPostprocessing = 0;
		};
		2D307BBD2CE4A9B600FDEF97 /* Sources */ = {
			isa = PBXSourcesBuildPhase;
			buildActionMask = 2147483647;
			files = (
			);
			runOnlyForDeploymentPostprocessing = 0;
		};
		2D307BC72CE4A9B600FDEF97 /* Sources */ = {
			isa = PBXSourcesBuildPhase;
			buildActionMask = 2147483647;
			files = (
			);
			runOnlyForDeploymentPostprocessing = 0;
		};
/* End PBXSourcesBuildPhase section */

/* Begin PBXTargetDependency section */
		2D307BC32CE4A9B600FDEF97 /* PBXTargetDependency */ = {
			isa = PBXTargetDependency;
			target = 2D307BB02CE4A9B400FDEF97 /* dailyvita-swiftui */;
			targetProxy = 2D307BC22CE4A9B600FDEF97 /* PBXContainerItemProxy */;
		};
		2D307BCD2CE4A9B600FDEF97 /* PBXTargetDependency */ = {
			isa = PBXTargetDependency;
			target = 2D307BB02CE4A9B400FDEF97 /* dailyvita-swiftui */;
			targetProxy = 2D307BCC2CE4A9B600FDEF97 /* PBXContainerItemProxy */;
		};
/* End PBXTargetDependency section */

/* Begin XCBuildConfiguration section */
		2D307BD32CE4A9B600FDEF97 /* Debug */ = {
			isa = XCBuildConfiguration;
			buildSettings = {
				ALWAYS_SEARCH_USER_PATHS = NO;
				ASSETCATALOG_COMPILER_GENERATE_SWIFT_ASSET_SYMBOL_EXTENSIONS = YES;
				CLANG_ANALYZER_NONNULL = YES;
				CLANG_ANALYZER_NUMBER_OBJECT_CONVERSION = YES_AGGRESSIVE;
				CLANG_CXX_LANGUAGE_STANDARD = "gnu++20";
				CLANG_ENABLE_MODULES = YES;
				CLANG_ENABLE_OBJC_ARC = YES;
				CLANG_ENABLE_OBJC_WEAK = YES;
				CLANG_WARN_BLOCK_CAPTURE_AUTORELEASING = YES;
				CLANG_WARN_BOOL_CONVERSION = YES;
				CLANG_WARN_COMMA = YES;
				CLANG_WARN_CONSTANT_CONVERSION = YES;
				CLANG_WARN_DEPRECATED_OBJC_IMPLEMENTATIONS = YES;
				CLANG_WARN_DIRECT_OBJC_ISA_USAGE = YES_ERROR;
				CLANG_WARN_DOCUMENTATION_COMMENTS = YES;
				CLANG_WARN_EMPTY_BODY = YES;
				CLANG_WARN_ENUM_CONVERSION = YES;
				CLANG_WARN_INFINITE_RECURSION = YES;
				CLANG_WARN_INT_CONVERSION = YES;
				CLANG_WARN_NON_LITERAL_NULL_CONVERSION = YES;
				CLANG_WARN_OBJC_IMPLICIT_RETAIN_SELF = YES;
				CLANG_WARN_OBJC_LITERAL_CONVERSION = YES;
				CLANG_WARN_OBJC_ROOT_CLASS = YES_ERROR;
				CLANG_WARN_QUOTED_INCLUDE_IN_FRAMEWORK_HEADER = YES;
				CLANG_WARN_RANGE_LOOP_ANALYSIS = YES;
				CLANG_WARN_STRICT_PROTOTYPES = YES;
				CLANG_WARN_SUSPICIOUS_MOVE = YES;
				CLANG_WARN_UNGUARDED_AVAILABILITY = YES_AGGRESSIVE;
				CLANG_WARN_UNREACHABLE_CODE = YES;
				CLANG_WARN__DUPLICATE_METHOD_MATCH = YES;
				COPY_PHASE_STRIP = NO;
				DEBUG_INFORMATION_FORMAT = dwarf;
				ENABLE_STRICT_OBJC_MSGSEND = YES;
				ENABLE_TESTABILITY = YES;
				ENABLE_USER_SCRIPT_SANDBOXING = YES;
				GCC_C_LANGUAGE_STANDARD = gnu17;
				GCC_DYNAMIC_NO_PIC = NO;
				GCC_NO_COMMON_BLOCKS = YES;
				GCC_OPTIMIZATION_LEVEL = 0;
				GCC_PREPROCESSOR_DEFINITIONS = (
					"DEBUG=1",
					"$(inherited)",
				);
				GCC_WARN_64_TO_32_BIT_CONVERSION = YES;
				GCC_WARN_ABOUT_RETURN_TYPE = YES_ERROR;
				GCC_WARN_UNDECLARED_SELECTOR = YES;
				GCC_WARN_UNINITIALIZED_AUTOS = YES_AGGRESSIVE;
				GCC_WARN_UNUSED_FUNCTION = YES;
				GCC_WARN_UNUSED_VARIABLE = YES;
				IPHONEOS_DEPLOYMENT_TARGET = 18.1;
				LOCALIZATION_PREFERS_STRING_CATALOGS = YES;
				MTL_ENABLE_DEBUG_INFO = INCLUDE_SOURCE;
				MTL_FAST_MATH = YES;
				ONLY_ACTIVE_ARCH = YES;
				SDKROOT = iphoneos;
				SWIFT_ACTIVE_COMPILATION_CONDITIONS = "DEBUG $(inherited)";
				SWIFT_OPTIMIZATION_LEVEL = "-Onone";
			};
			name = Debug;
		};
		2D307BD42CE4A9B600FDEF97 /* Release */ = {
			isa = XCBuildConfiguration;
			buildSettings = {
				ALWAYS_SEARCH_USER_PATHS = NO;
				ASSETCATALOG_COMPILER_GENERATE_SWIFT_ASSET_SYMBOL_EXTENSIONS = YES;
				CLANG_ANALYZER_NONNULL = YES;
				CLANG_ANALYZER_NUMBER_OBJECT_CONVERSION = YES_AGGRESSIVE;
				CLANG_CXX_LANGUAGE_STANDARD = "gnu++20";
				CLANG_ENABLE_MODULES = YES;
				CLANG_ENABLE_OBJC_ARC = YES;
				CLANG_ENABLE_OBJC_WEAK = YES;
				CLANG_WARN_BLOCK_CAPTURE_AUTORELEASING = YES;
				CLANG_WARN_BOOL_CONVERSION = YES;
				CLANG_WARN_COMMA = YES;
				CLANG_WARN_CONSTANT_CONVERSION = YES;
				CLANG_WARN_DEPRECATED_OBJC_IMPLEMENTATIONS = YES;
				CLANG_WARN_DIRECT_OBJC_ISA_USAGE = YES_ERROR;
				CLANG_WARN_DOCUMENTATION_COMMENTS = YES;
				CLANG_WARN_EMPTY_BODY = YES;
				CLANG_WARN_ENUM_CONVERSION = YES;
				CLANG_WARN_INFINITE_RECURSION = YES;
				CLANG_WARN_INT_CONVERSION = YES;
				CLANG_WARN_NON_LITERAL_NULL_CONVERSION = YES;
				CLANG_WARN_OBJC_IMPLICIT_RETAIN_SELF = YES;
				CLANG_WARN_OBJC_LITERAL_CONVERSION = YES;
				CLANG_WARN_OBJC_ROOT_CLASS = YES_ERROR;
				CLANG_WARN_QUOTED_INCLUDE_IN_FRAMEWORK_HEADER = YES;
				CLANG_WARN_RANGE_LOOP_ANALYSIS = YES;
				CLANG_WARN_STRICT_PROTOTYPES = YES;
				CLANG_WARN_SUSPICIOUS_MOVE = YES;
				CLANG_WARN_UNGUARDED_AVAILABILITY = YES_AGGRESSIVE;
				CLANG_WARN_UNREACHABLE_CODE = YES;
				CLANG_WARN__DUPLICATE_METHOD_MATCH = YES;
				COPY_PHASE_STRIP = NO;
				DEBUG_INFORMATION_FORMAT = "dwarf-with-dsym";
				ENABLE_NS_ASSERTIONS = NO;
				ENABLE_STRICT_OBJC_MSGSEND = YES;
				ENABLE_USER_SCRIPT_SANDBOXING = YES;
				GCC_C_LANGUAGE_STANDARD = gnu17;
				GCC_NO_COMMON_BLOCKS = YES;
				GCC_WARN_64_TO_32_BIT_CONVERSION = YES;
				GCC_WARN_ABOUT_RETURN_TYPE = YES_ERROR;
				GCC_WARN_UNDECLARED_SELECTOR = YES;
				GCC_WARN_UNINITIALIZED_AUTOS = YES_AGGRESSIVE;
				GCC_WARN_UNUSED_FUNCTION = YES;
				GCC_WARN_UNUSED_VARIABLE = YES;
				IPHONEOS_DEPLOYMENT_TARGET = 18.1;
				LOCALIZATION_PREFERS_STRING_CATALOGS = YES;
				MTL_ENABLE_DEBUG_INFO = NO;
				MTL_FAST_MATH = YES;
				SDKROOT = iphoneos;
				SWIFT_COMPILATION_MODE = wholemodule;
				VALIDATE_PRODUCT = YES;
			};
			name = Release;
		};
		2D307BD62CE4A9B600FDEF97 /* Debug */ = {
			isa = XCBuildConfiguration;
			buildSettings = {
				ASSETCATALOG_COMPILER_APPICON_NAME = AppIcon;
				ASSETCATALOG_COMPILER_GLOBAL_ACCENT_COLOR_NAME = AccentColor;
				CODE_SIGN_STYLE = Automatic;
				CURRENT_PROJECT_VERSION = 1;
				DEVELOPMENT_ASSET_PATHS = "\"dailyvita-swiftui/Preview Content\"";
				DEVELOPMENT_TEAM = J93376GTPL;
				ENABLE_PREVIEWS = YES;
				GENERATE_INFOPLIST_FILE = YES;
				INFOPLIST_KEY_UIApplicationSceneManifest_Generation = YES;
				INFOPLIST_KEY_UIApplicationSupportsIndirectInputEvents = YES;
				INFOPLIST_KEY_UILaunchScreen_Generation = YES;
				INFOPLIST_KEY_UISupportedInterfaceOrientations_iPad = "UIInterfaceOrientationPortrait UIInterfaceOrientationPortraitUpsideDown UIInterfaceOrientationLandscapeLeft UIInterfaceOrientationLandscapeRight";
				INFOPLIST_KEY_UISupportedInterfaceOrientations_iPhone = "UIInterfaceOrientationPortrait UIInterfaceOrientationLandscapeLeft UIInterfaceOrientationLandscapeRight";
				LD_RUNPATH_SEARCH_PATHS = (
					"$(inherited)",
					"@executable_path/Frameworks",
				);
				MARKETING_VERSION = 1.0;
				PRODUCT_BUNDLE_IDENTIFIER = "xyz.zinlinphyo.dailyvita-swiftui";
				PRODUCT_NAME = "$(TARGET_NAME)";
				SWIFT_EMIT_LOC_STRINGS = YES;
				SWIFT_VERSION = 5.0;
				TARGETED_DEVICE_FAMILY = "1,2";
			};
			name = Debug;
		};
		2D307BD72CE4A9B600FDEF97 /* Release */ = {
			isa = XCBuildConfiguration;
			buildSettings = {
				ASSETCATALOG_COMPILER_APPICON_NAME = AppIcon;
				ASSETCATALOG_COMPILER_GLOBAL_ACCENT_COLOR_NAME = AccentColor;
				CODE_SIGN_STYLE = Automatic;
				CURRENT_PROJECT_VERSION = 1;
				DEVELOPMENT_ASSET_PATHS = "\"dailyvita-swiftui/Preview Content\"";
				DEVELOPMENT_TEAM = J93376GTPL;
				ENABLE_PREVIEWS = YES;
				GENERATE_INFOPLIST_FILE = YES;
				INFOPLIST_KEY_UIApplicationSceneManifest_Generation = YES;
				INFOPLIST_KEY_UIApplicationSupportsIndirectInputEvents = YES;
				INFOPLIST_KEY_UILaunchScreen_Generation = YES;
				INFOPLIST_KEY_UISupportedInterfaceOrientations_iPad = "UIInterfaceOrientationPortrait UIInterfaceOrientationPortraitUpsideDown UIInterfaceOrientationLandscapeLeft UIInterfaceOrientationLandscapeRight";
				INFOPLIST_KEY_UISupportedInterfaceOrientations_iPhone = "UIInterfaceOrientationPortrait UIInterfaceOrientationLandscapeLeft UIInterfaceOrientationLandscapeRight";
				LD_RUNPATH_SEARCH_PATHS = (
					"$(inherited)",
					"@executable_path/Frameworks",
				);
				MARKETING_VERSION = 1.0;
				PRODUCT_BUNDLE_IDENTIFIER = "xyz.zinlinphyo.dailyvita-swiftui";
				PRODUCT_NAME = "$(TARGET_NAME)";
				SWIFT_EMIT_LOC_STRINGS = YES;
				SWIFT_VERSION = 5.0;
				TARGETED_DEVICE_FAMILY = "1,2";
			};
			name = Release;
		};
		2D307BD92CE4A9B600FDEF97 /* Debug */ = {
			isa = XCBuildConfiguration;
			buildSettings = {
				BUNDLE_LOADER = "$(TEST_HOST)";
				CODE_SIGN_STYLE = Automatic;
				CURRENT_PROJECT_VERSION = 1;
				DEVELOPMENT_TEAM = J93376GTPL;
				GENERATE_INFOPLIST_FILE = YES;
				IPHONEOS_DEPLOYMENT_TARGET = 18.1;
				MARKETING_VERSION = 1.0;
				PRODUCT_BUNDLE_IDENTIFIER = "xyz.zinlinphyo.dailyvita-swiftuiTests";
				PRODUCT_NAME = "$(TARGET_NAME)";
				SWIFT_EMIT_LOC_STRINGS = NO;
				SWIFT_VERSION = 5.0;
				TARGETED_DEVICE_FAMILY = "1,2";
				TEST_HOST = "$(BUILT_PRODUCTS_DIR)/dailyvita-swiftui.app/$(BUNDLE_EXECUTABLE_FOLDER_PATH)/dailyvita-swiftui";
			};
			name = Debug;
		};
		2D307BDA2CE4A9B600FDEF97 /* Release */ = {
			isa = XCBuildConfiguration;
			buildSettings = {
				BUNDLE_LOADER = "$(TEST_HOST)";
				CODE_SIGN_STYLE = Automatic;
				CURRENT_PROJECT_VERSION = 1;
				DEVELOPMENT_TEAM = J93376GTPL;
				GENERATE_INFOPLIST_FILE = YES;
				IPHONEOS_DEPLOYMENT_TARGET = 18.1;
				MARKETING_VERSION = 1.0;
				PRODUCT_BUNDLE_IDENTIFIER = "xyz.zinlinphyo.dailyvita-swiftuiTests";
				PRODUCT_NAME = "$(TARGET_NAME)";
				SWIFT_EMIT_LOC_STRINGS = NO;
				SWIFT_VERSION = 5.0;
				TARGETED_DEVICE_FAMILY = "1,2";
				TEST_HOST = "$(BUILT_PRODUCTS_DIR)/dailyvita-swiftui.app/$(BUNDLE_EXECUTABLE_FOLDER_PATH)/dailyvita-swiftui";
			};
			name = Release;
		};
		2D307BDC2CE4A9B600FDEF97 /* Debug */ = {
			isa = XCBuildConfiguration;
			buildSettings = {
				CODE_SIGN_STYLE = Automatic;
				CURRENT_PROJECT_VERSION = 1;
				DEVELOPMENT_TEAM = J93376GTPL;
				GENERATE_INFOPLIST_FILE = YES;
				MARKETING_VERSION = 1.0;
				PRODUCT_BUNDLE_IDENTIFIER = "xyz.zinlinphyo.dailyvita-swiftuiUITests";
				PRODUCT_NAME = "$(TARGET_NAME)";
				SWIFT_EMIT_LOC_STRINGS = NO;
				SWIFT_VERSION = 5.0;
				TARGETED_DEVICE_FAMILY = "1,2";
				TEST_TARGET_NAME = "dailyvita-swiftui";
			};
			name = Debug;
		};
		2D307BDD2CE4A9B600FDEF97 /* Release */ = {
			isa = XCBuildConfiguration;
			buildSettings = {
				CODE_SIGN_STYLE = Automatic;
				CURRENT_PROJECT_VERSION = 1;
				DEVELOPMENT_TEAM = J93376GTPL;
				GENERATE_INFOPLIST_FILE = YES;
				MARKETING_VERSION = 1.0;
				PRODUCT_BUNDLE_IDENTIFIER = "xyz.zinlinphyo.dailyvita-swiftuiUITests";
				PRODUCT_NAME = "$(TARGET_NAME)";
				SWIFT_EMIT_LOC_STRINGS = NO;
				SWIFT_VERSION = 5.0;
				TARGETED_DEVICE_FAMILY = "1,2";
				TEST_TARGET_NAME = "dailyvita-swiftui";
			};
			name = Release;
		};
/* End XCBuildConfiguration section */

/* Begin XCConfigurationList section */
		2D307BAC2CE4A9B400FDEF97 /* Build configuration list for PBXProject "dailyvita-swiftui" */ = {
			isa = XCConfigurationList;
			buildConfigurations = (
				2D307BD32CE4A9B600FDEF97 /* Debug */,
				2D307BD42CE4A9B600FDEF97 /* Release */,
			);
			defaultConfigurationIsVisible = 0;
			defaultConfigurationName = Release;
		};
		2D307BD52CE4A9B600FDEF97 /* Build configuration list for PBXNativeTarget "dailyvita-swiftui" */ = {
			isa = XCConfigurationList;
			buildConfigurations = (
				2D307BD62CE4A9B600FDEF97 /* Debug */,
				2D307BD72CE4A9B600FDEF97 /* Release */,
			);
			defaultConfigurationIsVisible = 0;
			defaultConfigurationName = Release;
		};
		2D307BD82CE4A9B600FDEF97 /* Build configuration list for PBXNativeTarget "dailyvita-swiftuiTests" */ = {
			isa = XCConfigurationList;
			buildConfigurations = (
				2D307BD92CE4A9B600FDEF97 /* Debug */,
				2D307BDA2CE4A9B600FDEF97 /* Release */,
			);
			defaultConfigurationIsVisible = 0;
			defaultConfigurationName = Release;
		};
		2D307BDB2CE4A9B600FDEF97 /* Build configuration list for PBXNativeTarget "dailyvita-swiftuiUITests" */ = {
			isa = XCConfigurationList;
			buildConfigurations = (
				2D307BDC2CE4A9B600FDEF97 /* Debug */,
				2D307BDD2CE4A9B600FDEF97 /* Release */,
			);
			defaultConfigurationIsVisible = 0;
			defaultConfigurationName = Release;
		};
/* End XCConfigurationList section */
	};
	rootObject = 2D307BA92CE4A9B400FDEF97 /* Project object */;
}
